Microsoft Visual Studio Solution File, Format Version 12.00
# Visual Studio Version 17
VisualStudioVersion = 17.5.2.0
MinimumVisualStudioVersion = 10.0.40219.1
Project("{FAE04EC0-301F-11D3-BF4B-00C04F79EFBC}") = "T3-SankySounds", "T3-SankySounds.csproj", "{AF63BE41-4F39-8DD6-DAC2-9656E470D39B}"
EndProject
Global
	GlobalSection(SolutionConfigurationPlatforms) = preSolution
		Debug|Any CPU = Debug|Any CPU
		Release|Any CPU = Release|Any CPU
	EndGlobalSection
	GlobalSection(ProjectConfigurationPlatforms) = postSolution
		{AF63BE41-4F39-8DD6-DAC2-9656E470D39B}.Debug|Any CPU.ActiveCfg = Debug|Any CPU
		{AF63BE41-4F39-8DD6-DAC2-9656E470D39B}.Debug|Any CPU.Build.0 = Debug|Any CPU
		{AF63BE41-4F39-8DD6-DAC2-9656E470D39B}.Release|Any CPU.ActiveCfg = Release|Any CPU
		{AF63BE41-4F39-8DD6-DAC2-9656E470D39B}.Release|Any CPU.Build.0 = Release|Any CPU
	EndGlobalSection
	GlobalSection(SolutionProperties) = preSolution
		HideSolutionNode = FALSE
	EndGlobalSection
	GlobalSection(ExtensibilityGlobals) = postSolution
		SolutionGuid = {8C591CB2-5398-4991-B1A6-202A2D3D1951}
	EndGlobalSection
EndGlobal
